
Microsoft Visual Studio Solution File, Format Version 12.00
# Visual Studio Version 17
VisualStudioVersion = 17.13.35806.99 d17.13
MinimumVisualStudioVersion = 10.0.40219.1
Project("{FAE04EC0-301F-11D3-BF4B-00C04F79EFBC}") = "MYContacts", "MYContacts\MYContacts.csproj", "{575E5E4C-3C6E-4D90-B358-87EF09F4AB29}"
EndProject
Global
	GlobalSection(SolutionConfigurationPlatforms) = preSolution
		Debug|Any CPU = Debug|Any CPU
		Release|Any CPU = Release|Any CPU
	EndGlobalSection
	GlobalSection(ProjectConfigurationPlatforms) = postSolution
		{575E5E4C-3C6E-4D90-B358-87EF09F4AB29}.Debug|Any CPU.ActiveCfg = Debug|Any CPU
		{575E5E4C-3C6E-4D90-B358-87EF09F4AB29}.Debug|Any CPU.Build.0 = Debug|Any CPU
		{575E5E4C-3C6E-4D90-B358-87EF09F4AB29}.Release|Any CPU.ActiveCfg = Release|Any CPU
		{575E5E4C-3C6E-4D90-B358-87EF09F4AB29}.Release|Any CPU.Build.0 = Release|Any CPU
	EndGlobalSection
	GlobalSection(SolutionProperties) = preSolution
		HideSolutionNode = FALSE
	EndGlobalSection
	GlobalSection(ExtensibilityGlobals) = postSolution
		SolutionGuid = {9E9BD13C-BCB1-4276-AD14-92FC7F114746}
	EndGlobalSection
EndGlobal
